<?xml version="1.0" encoding="utf-8"?>
<Project ToolsVersion="4.0" xmlns="http://schemas.microsoft.com/developer/msbuild/2003">
  <ItemGroup>
    <Filter Include="소스 파일">
      <UniqueIdentifier>{4FC737F1-C7A5-4376-A066-2A32D752A2FF}</UniqueIdentifier>
      <Extensions>cpp;c;cc;cxx;c++;cppm;ixx;def;odl;idl;hpj;bat;asm;asmx</Extensions>
    </Filter>
    <Filter Include="헤더 파일">
      <UniqueIdentifier>{93995380-89BD-4b04-88EB-625FBE52EBFB}</UniqueIdentifier>
      <Extensions>h;hh;hpp;hxx;h++;hm;inl;inc;ipp;xsd</Extensions>
    </Filter>
    <Filter Include="리소스 파일">
      <UniqueIdentifier>{67DA6AB6-F800-4c08-8B7A-83BB121AAD01}</UniqueIdentifier>
      <Extensions>rc;ico;cur;bmp;dlg;rc2;rct;bin;rgs;gif;jpg;jpeg;jpe;resx;tiff;tif;png;wav;mfcribbon-ms</Extensions>
    </Filter>
    <Filter Include="MainGame">
      <UniqueIdentifier>{251b895e-7010-4fe3-9039-25bf2cdd072b}</UniqueIdentifier>
    </Filter>
    <Filter Include="2D Framework">
      <UniqueIdentifier>{eb1c7acc-64bf-499b-bdb2-0625802a4510}</UniqueIdentifier>
    </Filter>
    <Filter Include="MainGame\Character">
      <UniqueIdentifier>{0c52e7ef-5e95-4911-8a61-3675e529eda3}</UniqueIdentifier>
    </Filter>
    <Filter Include="MainGame\Scene">
      <UniqueIdentifier>{34ce6363-cc5f-40cc-972d-8e3d0d95cc64}</UniqueIdentifier>
    </Filter>
  </ItemGroup>
  <ItemGroup>
    <ClCompile Include="main.cpp">
      <Filter>소스 파일</Filter>
    </ClCompile>
    <ClCompile Include="GameNode.cpp">
      <Filter>2D Framework</Filter>
    </ClCompile>
    <ClCompile Include="KeyManager.cpp">
      <Filter>2D Framework</Filter>
    </ClCompile>
    <ClCompile Include="Image.cpp">
      <Filter>2D Framework</Filter>
    </ClCompile>
    <ClCompile Include="SceneManager.cpp">
      <Filter>2D Framework</Filter>
    </ClCompile>
    <ClCompile Include="MainGame.cpp">
      <Filter>MainGame\Scene</Filter>
    </ClCompile>
    <ClCompile Include="Opening.cpp">
      <Filter>MainGame\Scene</Filter>
    </ClCompile>
    <ClCompile Include="ScoreBoard.cpp">
      <Filter>MainGame\Scene</Filter>
    </ClCompile>
    <ClCompile Include="CharacterSelect.cpp">
      <Filter>MainGame\Scene</Filter>
    </ClCompile>
    <ClCompile Include="Character.cpp">
      <Filter>MainGame\Character</Filter>
    </ClCompile>
    <ClCompile Include="InGame.cpp">
      <Filter>MainGame\Scene</Filter>
    </ClCompile>
    <ClCompile Include="Man.cpp">
      <Filter>MainGame\Character</Filter>
    </ClCompile>
    <ClCompile Include="Woman.cpp">
      <Filter>MainGame\Character</Filter>
    </ClCompile>
    <ClCompile Include="Ironman.cpp">
      <Filter>MainGame\Character</Filter>
    </ClCompile>
  </ItemGroup>
  <ItemGroup>
    <ClInclude Include="CommonFunction.h">
      <Filter>헤더 파일</Filter>
    </ClInclude>
    <ClInclude Include="config.h">
      <Filter>헤더 파일</Filter>
    </ClInclude>
    <ClInclude Include="Singleton.h">
      <Filter>헤더 파일</Filter>
    </ClInclude>
    <ClInclude Include="GameNode.h">
      <Filter>2D Framework</Filter>
    </ClInclude>
    <ClInclude Include="KeyManager.h">
      <Filter>2D Framework</Filter>
    </ClInclude>
    <ClInclude Include="Image.h">
      <Filter>2D Framework</Filter>
    </ClInclude>
    <ClInclude Include="SceneManager.h">
      <Filter>2D Framework</Filter>
    </ClInclude>
    <ClInclude Include="MainGame.h">
      <Filter>MainGame\Scene</Filter>
    </ClInclude>
    <ClInclude Include="Opening.h">
      <Filter>MainGame\Scene</Filter>
    </ClInclude>
    <ClInclude Include="ScoreBoard.h">
      <Filter>MainGame\Scene</Filter>
    </ClInclude>
    <ClInclude Include="CharacterSelect.h">
      <Filter>MainGame\Scene</Filter>
    </ClInclude>
    <ClInclude Include="Character.h">
      <Filter>MainGame\Character</Filter>
    </ClInclude>
    <ClInclude Include="InGame.h">
      <Filter>MainGame\Scene</Filter>
    </ClInclude>
    <ClInclude Include="GameScene.h">
      <Filter>MainGame\Scene</Filter>
    </ClInclude>
    <ClInclude Include="Singleton2.h">
      <Filter>헤더 파일</Filter>
    </ClInclude>
    <ClInclude Include="Ironman.h">
      <Filter>MainGame\Character</Filter>
    </ClInclude>
    <ClInclude Include="Man.h">
      <Filter>MainGame\Character</Filter>
    </ClInclude>
    <ClInclude Include="Woman.h">
      <Filter>MainGame\Character</Filter>
    </ClInclude>
  </ItemGroup>
</Project>